# THIS IS AN AUTOGENERATED FILE. DO NOT EDIT THIS FILE DIRECTLY.
# yarn lockfile v1


"@victorykong/time@^1.0.1":
  version "1.0.1"
  resolved "https://registry.npmjs.org/@victorykong/time/-/time-1.0.1.tgz#52b676c97cb395be80abf931ee8c8dc6d6c50e80"
  integrity sha512-8tzEYXRZUsPJsiAcRZXY8NCOJkGTf55lqHdg0js+p3SFKkShKxMXHtgcfOP8NM1IGLcHGlz6kAOUU3ycfyckGw==
